
Microsoft Visual Studio Solution File, Format Version 12.00
# Visual Studio Version 17
VisualStudioVersion = 17.5.002.0
MinimumVisualStudioVersion = 10.0.40219.1
Project("{9A19103F-16F7-4668-BE54-9A1E7A4F7556}") = "BtkAkademi", "BtkAkademi.csproj", "{735C91C0-6F04-4751-84E3-CCBCE85C95A5}"
EndProject
Global
	GlobalSection(SolutionConfigurationPlatforms) = preSolution
		Debug|Any CPU = Debug|Any CPU
		Release|Any CPU = Release|Any CPU
	EndGlobalSection
	GlobalSection(ProjectConfigurationPlatforms) = postSolution
		{735C91C0-6F04-4751-84E3-CCBCE85C95A5}.Debug|Any CPU.ActiveCfg = Debug|Any CPU
		{735C91C0-6F04-4751-84E3-CCBCE85C95A5}.Debug|Any CPU.Build.0 = Debug|Any CPU
		{735C91C0-6F04-4751-84E3-CCBCE85C95A5}.Release|Any CPU.ActiveCfg = Release|Any CPU
		{735C91C0-6F04-4751-84E3-CCBCE85C95A5}.Release|Any CPU.Build.0 = Release|Any CPU
	EndGlobalSection
	GlobalSection(SolutionProperties) = preSolution
		HideSolutionNode = FALSE
	EndGlobalSection
	GlobalSection(ExtensibilityGlobals) = postSolution
		SolutionGuid = {76491F23-9D03-41ED-A1C4-559D26D04456}
	EndGlobalSection
EndGlobal
